
Microsoft Visual Studio Solution File, Format Version 12.00
# Visual Studio Version 17
VisualStudioVersion = 17.8.34212.112
MinimumVisualStudioVersion = 10.0.40219.1
Project("{FAE04EC0-301F-11D3-BF4B-00C04F79EFBC}") = "sqlapp", "sqlapp\sqlapp.csproj", "{850E298B-144D-47C8-B855-7E1673781CBB}"
EndProject
Global
	GlobalSection(SolutionConfigurationPlatforms) = preSolution
		Debug|Any CPU = Debug|Any CPU
		Release|Any CPU = Release|Any CPU
	EndGlobalSection
	GlobalSection(ProjectConfigurationPlatforms) = postSolution
		{850E298B-144D-47C8-B855-7E1673781CBB}.Debug|Any CPU.ActiveCfg = Debug|Any CPU
		{850E298B-144D-47C8-B855-7E1673781CBB}.Debug|Any CPU.Build.0 = Debug|Any CPU
		{850E298B-144D-47C8-B855-7E1673781CBB}.Release|Any CPU.ActiveCfg = Release|Any CPU
		{850E298B-144D-47C8-B855-7E1673781CBB}.Release|Any CPU.Build.0 = Release|Any CPU
	EndGlobalSection
	GlobalSection(SolutionProperties) = preSolution
		HideSolutionNode = FALSE
	EndGlobalSection
	GlobalSection(ExtensibilityGlobals) = postSolution
		SolutionGuid = {AE9663CF-16FB-43BD-9D7B-46BBFFBDD1FB}
	EndGlobalSection
EndGlobal
